
Microsoft Visual Studio Solution File, Format Version 12.00
# Visual Studio Version 17
VisualStudioVersion = 17.9.34728.123
MinimumVisualStudioVersion = 10.0.40219.1
Project("{FAE04EC0-301F-11D3-BF4B-00C04F79EFBC}") = "Custify.Domain", "Custify.Domain\Custify.Domain.csproj", "{A3B81671-8AE8-449A-AE14-342A57F23759}"
EndProject
Project("{FAE04EC0-301F-11D3-BF4B-00C04F79EFBC}") = "Custify.API", "Custify.API\Custify.API.csproj", "{5A811202-3543-4EEF-91A5-C87CE2F3D6AF}"
EndProject
Global
	GlobalSection(SolutionConfigurationPlatforms) = preSolution
		Debug|Any CPU = Debug|Any CPU
		Release|Any CPU = Release|Any CPU
	EndGlobalSection
	GlobalSection(ProjectConfigurationPlatforms) = postSolution
		{A3B81671-8AE8-449A-AE14-342A57F23759}.Debug|Any CPU.ActiveCfg = Debug|Any CPU
		{A3B81671-8AE8-449A-AE14-342A57F23759}.Debug|Any CPU.Build.0 = Debug|Any CPU
		{A3B81671-8AE8-449A-AE14-342A57F23759}.Release|Any CPU.ActiveCfg = Release|Any CPU
		{A3B81671-8AE8-449A-AE14-342A57F23759}.Release|Any CPU.Build.0 = Release|Any CPU
		{5A811202-3543-4EEF-91A5-C87CE2F3D6AF}.Debug|Any CPU.ActiveCfg = Debug|Any CPU
		{5A811202-3543-4EEF-91A5-C87CE2F3D6AF}.Debug|Any CPU.Build.0 = Debug|Any CPU
		{5A811202-3543-4EEF-91A5-C87CE2F3D6AF}.Release|Any CPU.ActiveCfg = Release|Any CPU
		{5A811202-3543-4EEF-91A5-C87CE2F3D6AF}.Release|Any CPU.Build.0 = Release|Any CPU
	EndGlobalSection
	GlobalSection(SolutionProperties) = preSolution
		HideSolutionNode = FALSE
	EndGlobalSection
	GlobalSection(ExtensibilityGlobals) = postSolution
		SolutionGuid = {A7B2CFD3-F9CC-480E-A501-4769EC7F0660}
	EndGlobalSection
EndGlobal
