
Microsoft Visual Studio Solution File, Format Version 12.00
# Visual Studio Version 17
VisualStudioVersion = 17.9.34728.123
MinimumVisualStudioVersion = 10.0.40219.1
Project("{FAE04EC0-301F-11D3-BF4B-00C04F79EFBC}") = "ExamResultAPI", "ExamResultAPI\ExamResultAPI.csproj", "{C65F9F75-07D2-43EE-90A6-A40E69FA3FB8}"
EndProject
Project("{FAE04EC0-301F-11D3-BF4B-00C04F79EFBC}") = "ExamResult.Domain", "ExamResult.Domain\ExamResult.Domain.csproj", "{969E2531-2449-4FEE-A4AB-8F1931E42F0A}"
EndProject
Global
	GlobalSection(SolutionConfigurationPlatforms) = preSolution
		Debug|Any CPU = Debug|Any CPU
		Release|Any CPU = Release|Any CPU
	EndGlobalSection
	GlobalSection(ProjectConfigurationPlatforms) = postSolution
		{C65F9F75-07D2-43EE-90A6-A40E69FA3FB8}.Debug|Any CPU.ActiveCfg = Debug|Any CPU
		{C65F9F75-07D2-43EE-90A6-A40E69FA3FB8}.Debug|Any CPU.Build.0 = Debug|Any CPU
		{C65F9F75-07D2-43EE-90A6-A40E69FA3FB8}.Release|Any CPU.ActiveCfg = Release|Any CPU
		{C65F9F75-07D2-43EE-90A6-A40E69FA3FB8}.Release|Any CPU.Build.0 = Release|Any CPU
		{969E2531-2449-4FEE-A4AB-8F1931E42F0A}.Debug|Any CPU.ActiveCfg = Debug|Any CPU
		{969E2531-2449-4FEE-A4AB-8F1931E42F0A}.Debug|Any CPU.Build.0 = Debug|Any CPU
		{969E2531-2449-4FEE-A4AB-8F1931E42F0A}.Release|Any CPU.ActiveCfg = Release|Any CPU
		{969E2531-2449-4FEE-A4AB-8F1931E42F0A}.Release|Any CPU.Build.0 = Release|Any CPU
	EndGlobalSection
	GlobalSection(SolutionProperties) = preSolution
		HideSolutionNode = FALSE
	EndGlobalSection
	GlobalSection(ExtensibilityGlobals) = postSolution
		SolutionGuid = {044B52F6-6082-41F6-9EA1-6576B65171E4}
	EndGlobalSection
EndGlobal
