
Microsoft Visual Studio Solution File, Format Version 12.00
# Visual Studio Version 17
VisualStudioVersion = 17.9.34728.123
MinimumVisualStudioVersion = 10.0.40219.1
Project("{FAE04EC0-301F-11D3-BF4B-00C04F79EFBC}") = "TicketApp.Domain", "TicketApp.Domain\TicketApp.Domain.csproj", "{B3F3DF3E-19C9-417D-A59E-31168092A464}"
EndProject
Project("{FAE04EC0-301F-11D3-BF4B-00C04F79EFBC}") = "TicketApp.Presentation", "TicketApp.Presentation\TicketApp.Presentation.csproj", "{4CBF346F-DB13-4800-A12A-226EF328343A}"
EndProject
Global
	GlobalSection(SolutionConfigurationPlatforms) = preSolution
		Debug|Any CPU = Debug|Any CPU
		Release|Any CPU = Release|Any CPU
	EndGlobalSection
	GlobalSection(ProjectConfigurationPlatforms) = postSolution
		{B3F3DF3E-19C9-417D-A59E-31168092A464}.Debug|Any CPU.ActiveCfg = Debug|Any CPU
		{B3F3DF3E-19C9-417D-A59E-31168092A464}.Debug|Any CPU.Build.0 = Debug|Any CPU
		{B3F3DF3E-19C9-417D-A59E-31168092A464}.Release|Any CPU.ActiveCfg = Release|Any CPU
		{B3F3DF3E-19C9-417D-A59E-31168092A464}.Release|Any CPU.Build.0 = Release|Any CPU
		{4CBF346F-DB13-4800-A12A-226EF328343A}.Debug|Any CPU.ActiveCfg = Debug|Any CPU
		{4CBF346F-DB13-4800-A12A-226EF328343A}.Debug|Any CPU.Build.0 = Debug|Any CPU
		{4CBF346F-DB13-4800-A12A-226EF328343A}.Release|Any CPU.ActiveCfg = Release|Any CPU
		{4CBF346F-DB13-4800-A12A-226EF328343A}.Release|Any CPU.Build.0 = Release|Any CPU
	EndGlobalSection
	GlobalSection(SolutionProperties) = preSolution
		HideSolutionNode = FALSE
	EndGlobalSection
	GlobalSection(ExtensibilityGlobals) = postSolution
		SolutionGuid = {89CF032A-3EA5-4556-8ECF-6715411B89F9}
	EndGlobalSection
EndGlobal
